github.com/riswangani/go-say-hello v1.0.0 h1:F1xYMqguRK03IeHCpK46HA++kawkR0yJ3WuVKs52hx8=
github.com/riswangani/go-say-hello v1.0.0/go.mod h1:7Ee9eI89C0IvE+kMHQ7rVfAWjfA7gwz1OkvWW80uH+M=
github.com/riswangani/go-say-hello v1.5.0 h1:6OZwoNbcRfeKr5kzv1zMGoDcHM7CY+A4nQ7ICRZhnq4=
github.com/riswangani/go-say-hello v1.5.0/go.mod h1:7Ee9eI89C0IvE+kMHQ7rVfAWjfA7gwz1OkvWW80uH+M=
github.com/riswangani/go-say-hello/v2 v2.0.0 h1:P7r8sK6B77xnG+t9AR1cDs1I7hFEHBSPppqPfBb2+Dk=
github.com/riswangani/go-say-hello/v2 v2.0.0/go.mod h1:3LJcLoemuxe4yWkTlrGQQGEU9i/MuaXERpKIFfKLEg4=
